
Microsoft Visual Studio Solution File, Format Version 12.00
# Visual Studio 15
VisualStudioVersion = 15.0.28307.489
MinimumVisualStudioVersion = 10.0.40219.1
Project("{FAE04EC0-301F-11D3-BF4B-00C04F79EFBC}") = "JSON_Validation", "JSON_Validation\JSON_Validation.csproj", "{156C8292-1645-4183-99B7-9E1280DAB5DE}"
EndProject
Project("{FAE04EC0-301F-11D3-BF4B-00C04F79EFBC}") = "JSON_Validation.tests", "JSON_Validation.tests\JSON_Validation.tests.csproj", "{614A36D1-30F7-499C-A92D-CC993D4DC39D}"
EndProject
Global
	GlobalSection(SolutionConfigurationPlatforms) = preSolution
		Debug|Any CPU = Debug|Any CPU
		Release|Any CPU = Release|Any CPU
	EndGlobalSection
	GlobalSection(ProjectConfigurationPlatforms) = postSolution
		{156C8292-1645-4183-99B7-9E1280DAB5DE}.Debug|Any CPU.ActiveCfg = Debug|Any CPU
		{156C8292-1645-4183-99B7-9E1280DAB5DE}.Debug|Any CPU.Build.0 = Debug|Any CPU
		{156C8292-1645-4183-99B7-9E1280DAB5DE}.Release|Any CPU.ActiveCfg = Release|Any CPU
		{156C8292-1645-4183-99B7-9E1280DAB5DE}.Release|Any CPU.Build.0 = Release|Any CPU
		{614A36D1-30F7-499C-A92D-CC993D4DC39D}.Debug|Any CPU.ActiveCfg = Debug|Any CPU
		{614A36D1-30F7-499C-A92D-CC993D4DC39D}.Debug|Any CPU.Build.0 = Debug|Any CPU
		{614A36D1-30F7-499C-A92D-CC993D4DC39D}.Release|Any CPU.ActiveCfg = Release|Any CPU
		{614A36D1-30F7-499C-A92D-CC993D4DC39D}.Release|Any CPU.Build.0 = Release|Any CPU
	EndGlobalSection
	GlobalSection(SolutionProperties) = preSolution
		HideSolutionNode = FALSE
	EndGlobalSection
	GlobalSection(ExtensibilityGlobals) = postSolution
		SolutionGuid = {1DD4B045-DDBC-458D-BE5C-5DB9926889A7}
	EndGlobalSection
EndGlobal
